
Microsoft Visual Studio Solution File, Format Version 12.00
Project("{FAE04EC0-301F-11D3-BF4B-00C04F79EFBC}") = "paternProxy", "paternProxy\paternProxy.csproj", "{B5BC3736-1339-4782-A827-1A004E4D04B2}"
EndProject
Global
	GlobalSection(SolutionConfigurationPlatforms) = preSolution
		Debug|Any CPU = Debug|Any CPU
		Release|Any CPU = Release|Any CPU
	EndGlobalSection
	GlobalSection(ProjectConfigurationPlatforms) = postSolution
		{B5BC3736-1339-4782-A827-1A004E4D04B2}.Debug|Any CPU.ActiveCfg = Debug|Any CPU
		{B5BC3736-1339-4782-A827-1A004E4D04B2}.Debug|Any CPU.Build.0 = Debug|Any CPU
		{B5BC3736-1339-4782-A827-1A004E4D04B2}.Release|Any CPU.ActiveCfg = Release|Any CPU
		{B5BC3736-1339-4782-A827-1A004E4D04B2}.Release|Any CPU.Build.0 = Release|Any CPU
	EndGlobalSection
EndGlobal
